
Microsoft Visual Studio Solution File, Format Version 12.00
# Visual Studio Version 17
VisualStudioVersion = 17.0.32014.148
MinimumVisualStudioVersion = 10.0.40219.1
Project("{8BC9CEB8-8B4A-11D0-8D11-00A0C91BC942}") = "c_game_rps", "c_game_rps.vcxproj", "{A16D2465-5C93-4404-A85F-E6055A4306FE}"
EndProject
Global
	GlobalSection(SolutionConfigurationPlatforms) = preSolution
		Debug|x64 = Debug|x64
		Debug|x86 = Debug|x86
		Release|x64 = Release|x64
		Release|x86 = Release|x86
	EndGlobalSection
	GlobalSection(ProjectConfigurationPlatforms) = postSolution
		{A16D2465-5C93-4404-A85F-E6055A4306FE}.Debug|x64.ActiveCfg = Debug|x64
		{A16D2465-5C93-4404-A85F-E6055A4306FE}.Debug|x64.Build.0 = Debug|x64
		{A16D2465-5C93-4404-A85F-E6055A4306FE}.Debug|x86.ActiveCfg = Debug|Win32
		{A16D2465-5C93-4404-A85F-E6055A4306FE}.Debug|x86.Build.0 = Debug|Win32
		{A16D2465-5C93-4404-A85F-E6055A4306FE}.Release|x64.ActiveCfg = Release|x64
		{A16D2465-5C93-4404-A85F-E6055A4306FE}.Release|x64.Build.0 = Release|x64
		{A16D2465-5C93-4404-A85F-E6055A4306FE}.Release|x86.ActiveCfg = Release|Win32
		{A16D2465-5C93-4404-A85F-E6055A4306FE}.Release|x86.Build.0 = Release|Win32
	EndGlobalSection
	GlobalSection(SolutionProperties) = preSolution
		HideSolutionNode = FALSE
	EndGlobalSection
	GlobalSection(ExtensibilityGlobals) = postSolution
		SolutionGuid = {92C2C36E-5B11-4D3A-B059-2A4061F74C80}
	EndGlobalSection
EndGlobal
